
Microsoft Visual Studio Solution File, Format Version 12.00
# Visual Studio Version 17
VisualStudioVersion = 17.8.34330.188
MinimumVisualStudioVersion = 10.0.40219.1
Project("{FAE04EC0-301F-11D3-BF4B-00C04F79EFBC}") = "Nasljedivanje", "Nasljedivanje\Nasljedivanje.csproj", "{C6904FF6-A922-434E-9E66-5C6265AA7FF5}"
EndProject
Global
	GlobalSection(SolutionConfigurationPlatforms) = preSolution
		Debug|Any CPU = Debug|Any CPU
		Release|Any CPU = Release|Any CPU
	EndGlobalSection
	GlobalSection(ProjectConfigurationPlatforms) = postSolution
		{C6904FF6-A922-434E-9E66-5C6265AA7FF5}.Debug|Any CPU.ActiveCfg = Debug|Any CPU
		{C6904FF6-A922-434E-9E66-5C6265AA7FF5}.Debug|Any CPU.Build.0 = Debug|Any CPU
		{C6904FF6-A922-434E-9E66-5C6265AA7FF5}.Release|Any CPU.ActiveCfg = Release|Any CPU
		{C6904FF6-A922-434E-9E66-5C6265AA7FF5}.Release|Any CPU.Build.0 = Release|Any CPU
	EndGlobalSection
	GlobalSection(SolutionProperties) = preSolution
		HideSolutionNode = FALSE
	EndGlobalSection
	GlobalSection(ExtensibilityGlobals) = postSolution
		SolutionGuid = {35ECC1AF-E65C-4744-B845-8E8455215AF4}
	EndGlobalSection
EndGlobal
